
Microsoft Visual Studio Solution File, Format Version 12.00
# Visual Studio Version 16
VisualStudioVersion = 16.0.30517.126
MinimumVisualStudioVersion = 10.0.40219.1
Project("{FAE04EC0-301F-11D3-BF4B-00C04F79EFBC}") = "TheLibrary", "TheLibrary\TheLibrary.csproj", "{DAF666AE-AD9A-4CC8-8DCC-D1C34B774A78}"
EndProject
Global
	GlobalSection(SolutionConfigurationPlatforms) = preSolution
		Debug|Any CPU = Debug|Any CPU
		Release|Any CPU = Release|Any CPU
	EndGlobalSection
	GlobalSection(ProjectConfigurationPlatforms) = postSolution
		{DAF666AE-AD9A-4CC8-8DCC-D1C34B774A78}.Debug|Any CPU.ActiveCfg = Debug|Any CPU
		{DAF666AE-AD9A-4CC8-8DCC-D1C34B774A78}.Debug|Any CPU.Build.0 = Debug|Any CPU
		{DAF666AE-AD9A-4CC8-8DCC-D1C34B774A78}.Release|Any CPU.ActiveCfg = Release|Any CPU
		{DAF666AE-AD9A-4CC8-8DCC-D1C34B774A78}.Release|Any CPU.Build.0 = Release|Any CPU
	EndGlobalSection
	GlobalSection(SolutionProperties) = preSolution
		HideSolutionNode = FALSE
	EndGlobalSection
	GlobalSection(ExtensibilityGlobals) = postSolution
		SolutionGuid = {3BC97326-1A7C-40DF-85E1-632FAF6C2DC7}
	EndGlobalSection
EndGlobal
